
Microsoft Visual Studio Solution File, Format Version 12.00
# Visual Studio Version 17
VisualStudioVersion = 17.13.35806.99
MinimumVisualStudioVersion = 10.0.40219.1
Project("{2150E333-8FDC-42A3-9474-1A3956D46DE8}") = "A.Domain", "A.Domain", "{02EA681E-C7D8-13C7-8484-4AC65E1B71E8}"
EndProject
Project("{2150E333-8FDC-42A3-9474-1A3956D46DE8}") = "B.Core", "B.Core", "{5E56F8D5-BDE6-4EEF-BBAC-930DB16279FD}"
EndProject
Project("{2150E333-8FDC-42A3-9474-1A3956D46DE8}") = "C.Persistence", "C.Persistence", "{E48DD172-144F-43AB-A26F-5FEFA8343534}"
EndProject
Project("{2150E333-8FDC-42A3-9474-1A3956D46DE8}") = "D.Externals", "D.Externals", "{D0B27888-2218-4A58-9EF8-385602A5D566}"
EndProject
Project("{2150E333-8FDC-42A3-9474-1A3956D46DE8}") = "E.Api", "E.Api", "{62CE9925-43A5-42FB-9CF6-C2B5E9DDAEB6}"
EndProject
Project("{FAE04EC0-301F-11D3-BF4B-00C04F79EFBC}") = "Domain", "src\Domain\Domain.csproj", "{85154B61-1949-4045-A3D0-AF11CE67256F}"
EndProject
Project("{FAE04EC0-301F-11D3-BF4B-00C04F79EFBC}") = "Core", "src\Core\Core.csproj", "{EA70BFB5-E622-4225-B63D-824C457FDE2A}"
EndProject
Project("{FAE04EC0-301F-11D3-BF4B-00C04F79EFBC}") = "Persistence", "src\Persistence\Persistence.csproj", "{F52D1C3D-A4EB-4BC6-AA14-B1812856C630}"
EndProject
Project("{FAE04EC0-301F-11D3-BF4B-00C04F79EFBC}") = "Externals", "src\Externals\Externals.csproj", "{D311E71F-B041-40A1-BF37-D920A65A7C46}"
EndProject
Project("{FAE04EC0-301F-11D3-BF4B-00C04F79EFBC}") = "Api", "src\Api\Api.csproj", "{0713ED86-C72D-41E0-A1F4-33D65E44556E}"
EndProject
Project("{2150E333-8FDC-42A3-9474-1A3956D46DE8}") = "AppPacientes y Medicos", "AppPacientes y Medicos", "{C0EE27A1-A64A-4D40-ADE1-54AC266E3579}"
EndProject
Project("{2150E333-8FDC-42A3-9474-1A3956D46DE8}") = "AppCitas y Agenda", "AppCitas y Agenda", "{ACB306A6-B2AF-4AD4-B6F8-7EF4A66E272F}"
EndProject
Project("{2150E333-8FDC-42A3-9474-1A3956D46DE8}") = "A.Domain", "A.Domain", "{C8892C3A-5BC8-46F0-B1C4-1F0D47481DCB}"
EndProject
Project("{2150E333-8FDC-42A3-9474-1A3956D46DE8}") = "B.Core", "B.Core", "{274048F6-0337-404E-8411-C38C88AF4738}"
EndProject
Project("{2150E333-8FDC-42A3-9474-1A3956D46DE8}") = "C.Persistence", "C.Persistence", "{817DB574-9E92-4798-A5FC-C7EA62FA2B40}"
EndProject
Project("{2150E333-8FDC-42A3-9474-1A3956D46DE8}") = "D.Externals", "D.Externals", "{98BAA2B8-B7C5-4FA7-A59D-F7BA33D0CF90}"
EndProject
Project("{2150E333-8FDC-42A3-9474-1A3956D46DE8}") = "E.Api", "E.Api", "{10578678-D545-480F-8603-9C0B1E2B972F}"
EndProject
Project("{FAE04EC0-301F-11D3-BF4B-00C04F79EFBC}") = "Domain", "App_Citas_Agenda_src\Domain\Domain.csproj", "{F66E912F-60A0-4B46-A532-272FB9553F06}"
EndProject
Project("{FAE04EC0-301F-11D3-BF4B-00C04F79EFBC}") = "Core", "App_Citas_Agenda_src\Core\Core.csproj", "{7F2ED480-95B0-4FD1-A50F-74F2FF7B8037}"
EndProject
Project("{FAE04EC0-301F-11D3-BF4B-00C04F79EFBC}") = "Persistence", "App_Citas_Agenda_src\Persistence\Persistence.csproj", "{006C68DF-C78B-41EE-B535-9CC35585C9A1}"
EndProject
Project("{FAE04EC0-301F-11D3-BF4B-00C04F79EFBC}") = "Externals", "App_Citas_Agenda_src\Externals\Externals.csproj", "{08C4AD4F-A32D-4993-88BE-048146418F37}"
EndProject
Project("{FAE04EC0-301F-11D3-BF4B-00C04F79EFBC}") = "Api_Citas_Agenda", "App_Citas_Agenda_src\Api_Citas_Agenda\Api_Citas_Agenda.csproj", "{C843DF82-94B9-4F69-B0A7-B9F43DF7C1C0}"
EndProject
Global
	GlobalSection(SolutionConfigurationPlatforms) = preSolution
		Debug|Any CPU = Debug|Any CPU
		Release|Any CPU = Release|Any CPU
	EndGlobalSection
	GlobalSection(ProjectConfigurationPlatforms) = postSolution
		{85154B61-1949-4045-A3D0-AF11CE67256F}.Debug|Any CPU.ActiveCfg = Debug|Any CPU
		{85154B61-1949-4045-A3D0-AF11CE67256F}.Debug|Any CPU.Build.0 = Debug|Any CPU
		{85154B61-1949-4045-A3D0-AF11CE67256F}.Release|Any CPU.ActiveCfg = Release|Any CPU
		{85154B61-1949-4045-A3D0-AF11CE67256F}.Release|Any CPU.Build.0 = Release|Any CPU
		{EA70BFB5-E622-4225-B63D-824C457FDE2A}.Debug|Any CPU.ActiveCfg = Debug|Any CPU
		{EA70BFB5-E622-4225-B63D-824C457FDE2A}.Debug|Any CPU.Build.0 = Debug|Any CPU
		{EA70BFB5-E622-4225-B63D-824C457FDE2A}.Release|Any CPU.ActiveCfg = Release|Any CPU
		{EA70BFB5-E622-4225-B63D-824C457FDE2A}.Release|Any CPU.Build.0 = Release|Any CPU
		{F52D1C3D-A4EB-4BC6-AA14-B1812856C630}.Debug|Any CPU.ActiveCfg = Debug|Any CPU
		{F52D1C3D-A4EB-4BC6-AA14-B1812856C630}.Debug|Any CPU.Build.0 = Debug|Any CPU
		{F52D1C3D-A4EB-4BC6-AA14-B1812856C630}.Release|Any CPU.ActiveCfg = Release|Any CPU
		{F52D1C3D-A4EB-4BC6-AA14-B1812856C630}.Release|Any CPU.Build.0 = Release|Any CPU
		{D311E71F-B041-40A1-BF37-D920A65A7C46}.Debug|Any CPU.ActiveCfg = Debug|Any CPU
		{D311E71F-B041-40A1-BF37-D920A65A7C46}.Debug|Any CPU.Build.0 = Debug|Any CPU
		{D311E71F-B041-40A1-BF37-D920A65A7C46}.Release|Any CPU.ActiveCfg = Release|Any CPU
		{D311E71F-B041-40A1-BF37-D920A65A7C46}.Release|Any CPU.Build.0 = Release|Any CPU
		{0713ED86-C72D-41E0-A1F4-33D65E44556E}.Debug|Any CPU.ActiveCfg = Debug|Any CPU
		{0713ED86-C72D-41E0-A1F4-33D65E44556E}.Debug|Any CPU.Build.0 = Debug|Any CPU
		{0713ED86-C72D-41E0-A1F4-33D65E44556E}.Release|Any CPU.ActiveCfg = Release|Any CPU
		{0713ED86-C72D-41E0-A1F4-33D65E44556E}.Release|Any CPU.Build.0 = Release|Any CPU
		{F66E912F-60A0-4B46-A532-272FB9553F06}.Debug|Any CPU.ActiveCfg = Debug|Any CPU
		{F66E912F-60A0-4B46-A532-272FB9553F06}.Debug|Any CPU.Build.0 = Debug|Any CPU
		{F66E912F-60A0-4B46-A532-272FB9553F06}.Release|Any CPU.ActiveCfg = Release|Any CPU
		{F66E912F-60A0-4B46-A532-272FB9553F06}.Release|Any CPU.Build.0 = Release|Any CPU
		{7F2ED480-95B0-4FD1-A50F-74F2FF7B8037}.Debug|Any CPU.ActiveCfg = Debug|Any CPU
		{7F2ED480-95B0-4FD1-A50F-74F2FF7B8037}.Debug|Any CPU.Build.0 = Debug|Any CPU
		{7F2ED480-95B0-4FD1-A50F-74F2FF7B8037}.Release|Any CPU.ActiveCfg = Release|Any CPU
		{7F2ED480-95B0-4FD1-A50F-74F2FF7B8037}.Release|Any CPU.Build.0 = Release|Any CPU
		{006C68DF-C78B-41EE-B535-9CC35585C9A1}.Debug|Any CPU.ActiveCfg = Debug|Any CPU
		{006C68DF-C78B-41EE-B535-9CC35585C9A1}.Debug|Any CPU.Build.0 = Debug|Any CPU
		{006C68DF-C78B-41EE-B535-9CC35585C9A1}.Release|Any CPU.ActiveCfg = Release|Any CPU
		{006C68DF-C78B-41EE-B535-9CC35585C9A1}.Release|Any CPU.Build.0 = Release|Any CPU
		{08C4AD4F-A32D-4993-88BE-048146418F37}.Debug|Any CPU.ActiveCfg = Debug|Any CPU
		{08C4AD4F-A32D-4993-88BE-048146418F37}.Debug|Any CPU.Build.0 = Debug|Any CPU
		{08C4AD4F-A32D-4993-88BE-048146418F37}.Release|Any CPU.ActiveCfg = Release|Any CPU
		{08C4AD4F-A32D-4993-88BE-048146418F37}.Release|Any CPU.Build.0 = Release|Any CPU
		{C843DF82-94B9-4F69-B0A7-B9F43DF7C1C0}.Debug|Any CPU.ActiveCfg = Debug|Any CPU
		{C843DF82-94B9-4F69-B0A7-B9F43DF7C1C0}.Debug|Any CPU.Build.0 = Debug|Any CPU
		{C843DF82-94B9-4F69-B0A7-B9F43DF7C1C0}.Release|Any CPU.ActiveCfg = Release|Any CPU
		{C843DF82-94B9-4F69-B0A7-B9F43DF7C1C0}.Release|Any CPU.Build.0 = Release|Any CPU
	EndGlobalSection
	GlobalSection(SolutionProperties) = preSolution
		HideSolutionNode = FALSE
	EndGlobalSection
	GlobalSection(NestedProjects) = preSolution
		{02EA681E-C7D8-13C7-8484-4AC65E1B71E8} = {C0EE27A1-A64A-4D40-ADE1-54AC266E3579}
		{5E56F8D5-BDE6-4EEF-BBAC-930DB16279FD} = {C0EE27A1-A64A-4D40-ADE1-54AC266E3579}
		{E48DD172-144F-43AB-A26F-5FEFA8343534} = {C0EE27A1-A64A-4D40-ADE1-54AC266E3579}
		{D0B27888-2218-4A58-9EF8-385602A5D566} = {C0EE27A1-A64A-4D40-ADE1-54AC266E3579}
		{62CE9925-43A5-42FB-9CF6-C2B5E9DDAEB6} = {C0EE27A1-A64A-4D40-ADE1-54AC266E3579}
		{85154B61-1949-4045-A3D0-AF11CE67256F} = {02EA681E-C7D8-13C7-8484-4AC65E1B71E8}
		{EA70BFB5-E622-4225-B63D-824C457FDE2A} = {5E56F8D5-BDE6-4EEF-BBAC-930DB16279FD}
		{F52D1C3D-A4EB-4BC6-AA14-B1812856C630} = {E48DD172-144F-43AB-A26F-5FEFA8343534}
		{D311E71F-B041-40A1-BF37-D920A65A7C46} = {D0B27888-2218-4A58-9EF8-385602A5D566}
		{0713ED86-C72D-41E0-A1F4-33D65E44556E} = {62CE9925-43A5-42FB-9CF6-C2B5E9DDAEB6}
		{C8892C3A-5BC8-46F0-B1C4-1F0D47481DCB} = {ACB306A6-B2AF-4AD4-B6F8-7EF4A66E272F}
		{274048F6-0337-404E-8411-C38C88AF4738} = {ACB306A6-B2AF-4AD4-B6F8-7EF4A66E272F}
		{817DB574-9E92-4798-A5FC-C7EA62FA2B40} = {ACB306A6-B2AF-4AD4-B6F8-7EF4A66E272F}
		{98BAA2B8-B7C5-4FA7-A59D-F7BA33D0CF90} = {ACB306A6-B2AF-4AD4-B6F8-7EF4A66E272F}
		{10578678-D545-480F-8603-9C0B1E2B972F} = {ACB306A6-B2AF-4AD4-B6F8-7EF4A66E272F}
		{F66E912F-60A0-4B46-A532-272FB9553F06} = {C8892C3A-5BC8-46F0-B1C4-1F0D47481DCB}
		{7F2ED480-95B0-4FD1-A50F-74F2FF7B8037} = {274048F6-0337-404E-8411-C38C88AF4738}
		{006C68DF-C78B-41EE-B535-9CC35585C9A1} = {817DB574-9E92-4798-A5FC-C7EA62FA2B40}
		{08C4AD4F-A32D-4993-88BE-048146418F37} = {98BAA2B8-B7C5-4FA7-A59D-F7BA33D0CF90}
		{C843DF82-94B9-4F69-B0A7-B9F43DF7C1C0} = {10578678-D545-480F-8603-9C0B1E2B972F}
	EndGlobalSection
	GlobalSection(ExtensibilityGlobals) = postSolution
		SolutionGuid = {E0B47BB8-F749-4776-AF4B-B57F9583EBDF}
	EndGlobalSection
EndGlobal
