
Microsoft Visual Studio Solution File, Format Version 12.00
# Visual Studio Version 17
VisualStudioVersion = 17.13.35806.99
MinimumVisualStudioVersion = 10.0.40219.1
Project("{2150E333-8FDC-42A3-9474-1A3956D46DE8}") = "A.Domain", "A.Domain", "{02EA681E-C7D8-13C7-8484-4AC65E1B71E8}"
EndProject
Project("{2150E333-8FDC-42A3-9474-1A3956D46DE8}") = "B.Core", "B.Core", "{5E56F8D5-BDE6-4EEF-BBAC-930DB16279FD}"
EndProject
Project("{2150E333-8FDC-42A3-9474-1A3956D46DE8}") = "C.Persistence", "C.Persistence", "{E48DD172-144F-43AB-A26F-5FEFA8343534}"
EndProject
Project("{2150E333-8FDC-42A3-9474-1A3956D46DE8}") = "D.Externals", "D.Externals", "{D0B27888-2218-4A58-9EF8-385602A5D566}"
EndProject
Project("{2150E333-8FDC-42A3-9474-1A3956D46DE8}") = "E.Api", "E.Api", "{62CE9925-43A5-42FB-9CF6-C2B5E9DDAEB6}"
EndProject
Project("{FAE04EC0-301F-11D3-BF4B-00C04F79EFBC}") = "Domain", "src\Domain\Domain.csproj", "{85154B61-1949-4045-A3D0-AF11CE67256F}"
EndProject
Project("{FAE04EC0-301F-11D3-BF4B-00C04F79EFBC}") = "Core", "src\Core\Core.csproj", "{EA70BFB5-E622-4225-B63D-824C457FDE2A}"
EndProject
Project("{FAE04EC0-301F-11D3-BF4B-00C04F79EFBC}") = "Persistence", "src\Persistence\Persistence.csproj", "{F52D1C3D-A4EB-4BC6-AA14-B1812856C630}"
EndProject
Project("{FAE04EC0-301F-11D3-BF4B-00C04F79EFBC}") = "Externals", "src\Externals\Externals.csproj", "{D311E71F-B041-40A1-BF37-D920A65A7C46}"
EndProject
Project("{FAE04EC0-301F-11D3-BF4B-00C04F79EFBC}") = "Api", "src\Api\Api.csproj", "{0713ED86-C72D-41E0-A1F4-33D65E44556E}"
EndProject
Project("{2150E333-8FDC-42A3-9474-1A3956D46DE8}") = "AppPacientes y Medicos", "AppPacientes y Medicos", "{C0EE27A1-A64A-4D40-ADE1-54AC266E3579}"
EndProject
Project("{2150E333-8FDC-42A3-9474-1A3956D46DE8}") = "AppCitas y Agenda", "AppCitas y Agenda", "{ACB306A6-B2AF-4AD4-B6F8-7EF4A66E272F}"
EndProject
Project("{2150E333-8FDC-42A3-9474-1A3956D46DE8}") = "A.Domain", "A.Domain", "{C8892C3A-5BC8-46F0-B1C4-1F0D47481DCB}"
EndProject
Project("{2150E333-8FDC-42A3-9474-1A3956D46DE8}") = "B.Core", "B.Core", "{274048F6-0337-404E-8411-C38C88AF4738}"
EndProject
Project("{2150E333-8FDC-42A3-9474-1A3956D46DE8}") = "C.Persistence", "C.Persistence", "{817DB574-9E92-4798-A5FC-C7EA62FA2B40}"
EndProject
Project("{2150E333-8FDC-42A3-9474-1A3956D46DE8}") = "D.Externals", "D.Externals", "{98BAA2B8-B7C5-4FA7-A59D-F7BA33D0CF90}"
EndProject
Project("{2150E333-8FDC-42A3-9474-1A3956D46DE8}") = "E.Api", "E.Api", "{10578678-D545-480F-8603-9C0B1E2B972F}"
EndProject
Project("{FAE04EC0-301F-11D3-BF4B-00C04F79EFBC}") = "Domain", "App_Citas_Agenda_src\Domain\Domain.csproj", "{F66E912F-60A0-4B46-A532-272FB9553F06}"
EndProject
Project("{FAE04EC0-301F-11D3-BF4B-00C04F79EFBC}") = "Core", "App_Citas_Agenda_src\Core\Core.csproj", "{7F2ED480-95B0-4FD1-A50F-74F2FF7B8037}"
EndProject
Project("{FAE04EC0-301F-11D3-BF4B-00C04F79EFBC}") = "Persistence", "App_Citas_Agenda_src\Persistence\Persistence.csproj", "{006C68DF-C78B-41EE-B535-9CC35585C9A1}"
EndProject
Project("{FAE04EC0-301F-11D3-BF4B-00C04F79EFBC}") = "Externals", "App_Citas_Agenda_src\Externals\Externals.csproj", "{08C4AD4F-A32D-4993-88BE-048146418F37}"
EndProject
Project("{FAE04EC0-301F-11D3-BF4B-00C04F79EFBC}") = "Api_Citas_Agenda", "App_Citas_Agenda_src\Api_Citas_Agenda\Api_Citas_Agenda.csproj", "{C843DF82-94B9-4F69-B0A7-B9F43DF7C1C0}"
EndProject
Project("{2150E333-8FDC-42A3-9474-1A3956D46DE8}") = "AppExpedienteClinico", "AppExpedienteClinico", "{4F2DFC10-CFD5-44D7-84BB-65036781F198}"
EndProject
Project("{2150E333-8FDC-42A3-9474-1A3956D46DE8}") = "A.Domain", "A.Domain", "{6BBB0115-D02C-44AF-82AE-3FAB9F824F1C}"
EndProject
Project("{2150E333-8FDC-42A3-9474-1A3956D46DE8}") = "B.Core", "B.Core", "{D63D1F9E-E108-47CD-9DF6-8531CBEDF418}"
EndProject
Project("{2150E333-8FDC-42A3-9474-1A3956D46DE8}") = "C.Persistence", "C.Persistence", "{5BAD7B3C-D4EC-4050-970D-361E9E9A2014}"
EndProject
Project("{2150E333-8FDC-42A3-9474-1A3956D46DE8}") = "D.Externals", "D.Externals", "{D8B0293E-A1CF-48BE-AB7F-642A7E7A0256}"
EndProject
Project("{2150E333-8FDC-42A3-9474-1A3956D46DE8}") = "E.Api", "E.Api", "{E1A90833-B086-4A77-A99B-073DBD3B977D}"
EndProject
Project("{2150E333-8FDC-42A3-9474-1A3956D46DE8}") = "AppFacturaPago", "AppFacturaPago", "{CE69B302-7C75-4B27-98B8-5D5FF63CDF4D}"
EndProject
Project("{2150E333-8FDC-42A3-9474-1A3956D46DE8}") = "A.Domain", "A.Domain", "{1CF56C1A-A31F-4DA0-A250-D79DDD3ABAD0}"
EndProject
Project("{2150E333-8FDC-42A3-9474-1A3956D46DE8}") = "B.Core", "B.Core", "{658F3878-3BD0-4FD7-9167-352A65E1EEA1}"
EndProject
Project("{2150E333-8FDC-42A3-9474-1A3956D46DE8}") = "C.Persistence", "C.Persistence", "{45BF7B70-6F73-4F22-A54E-EDBD16B58381}"
EndProject
Project("{2150E333-8FDC-42A3-9474-1A3956D46DE8}") = "D.Externals", "D.Externals", "{24747737-13F4-4024-80B8-06F810A60E59}"
EndProject
Project("{2150E333-8FDC-42A3-9474-1A3956D46DE8}") = "E.Api", "E.Api", "{C0D3114C-07C4-4186-AD3B-9423671BB1E0}"
EndProject
Project("{2150E333-8FDC-42A3-9474-1A3956D46DE8}") = "AppSeguridadCatalog", "AppSeguridadCatalog", "{AC8A7E2F-B5C5-4530-9389-D0B48A4679D5}"
EndProject
Project("{2150E333-8FDC-42A3-9474-1A3956D46DE8}") = "A.Domain", "A.Domain", "{F02DA717-A9AB-417B-AF2F-BD16FF69F1A3}"
EndProject
Project("{2150E333-8FDC-42A3-9474-1A3956D46DE8}") = "B.Core", "B.Core", "{139B0E7B-F802-4588-940E-F6E09805FF5B}"
EndProject
Project("{2150E333-8FDC-42A3-9474-1A3956D46DE8}") = "C.Persistence", "C.Persistence", "{286E7309-4EFD-469D-8143-B2F4183353E7}"
EndProject
Project("{2150E333-8FDC-42A3-9474-1A3956D46DE8}") = "D.Externals", "D.Externals", "{0E36B757-C8DC-49D1-A5A9-03634C7AFFAD}"
EndProject
Project("{2150E333-8FDC-42A3-9474-1A3956D46DE8}") = "E.Api", "E.Api", "{836D5840-10D1-4DAE-BF94-780CE79665BA}"
EndProject
Project("{FAE04EC0-301F-11D3-BF4B-00C04F79EFBC}") = "Domain", "AppExpedienteClinico_src\Domain\Domain.csproj", "{22AAD239-6571-49BF-A3C7-5799B437363B}"
EndProject
Project("{FAE04EC0-301F-11D3-BF4B-00C04F79EFBC}") = "Core", "AppExpedienteClinico_src\Core\Core.csproj", "{09EEA822-14DD-4F1F-A5C9-A9DB463B18FA}"
EndProject
Project("{FAE04EC0-301F-11D3-BF4B-00C04F79EFBC}") = "Persistence", "AppExpedienteClinico_src\Persistence\Persistence.csproj", "{C75DF414-4D83-4406-9640-5C71099B04F0}"
EndProject
Project("{FAE04EC0-301F-11D3-BF4B-00C04F79EFBC}") = "Externals", "AppExpedienteClinico_src\Externals\Externals.csproj", "{708C3599-BD95-4F20-87F4-2F0D4F6AA782}"
EndProject
Project("{FAE04EC0-301F-11D3-BF4B-00C04F79EFBC}") = "Api_ExpedienteClinico", "AppExpedienteClinico_src\Api_ExpedienteClinico\Api_ExpedienteClinico.csproj", "{17EEE31E-5E28-4C2A-A3B3-87FD985BD399}"
EndProject
Project("{FAE04EC0-301F-11D3-BF4B-00C04F79EFBC}") = "Domain", "AppFacturaPago_src\Domain\Domain.csproj", "{64EFC180-79C4-49C8-A8F3-8DEC185BE55C}"
EndProject
Project("{FAE04EC0-301F-11D3-BF4B-00C04F79EFBC}") = "Core", "AppFacturaPago_src\Core\Core.csproj", "{2EC44B3B-5099-4490-A617-2151B06281A2}"
EndProject
Project("{FAE04EC0-301F-11D3-BF4B-00C04F79EFBC}") = "Persistence", "AppFacturaPago_src\Persistence\Persistence.csproj", "{0577F023-E83B-4A92-989B-16452A3FBDE3}"
EndProject
Project("{FAE04EC0-301F-11D3-BF4B-00C04F79EFBC}") = "Externals", "AppFacturaPago_src\Externals\Externals.csproj", "{466D7266-A2EF-4C58-83A4-EBFD34A078BA}"
EndProject
Project("{FAE04EC0-301F-11D3-BF4B-00C04F79EFBC}") = "Api_FacturaPago", "AppFacturaPago_src\Api_FacturaPago\Api_FacturaPago.csproj", "{F08B2D0D-3A94-40EA-93F3-168F584C193D}"
EndProject
Project("{FAE04EC0-301F-11D3-BF4B-00C04F79EFBC}") = "Domain", "AppSeguridadCatalog_src\Domain\Domain.csproj", "{9BA6C823-168F-4BD7-8F93-785027168E43}"
EndProject
Project("{FAE04EC0-301F-11D3-BF4B-00C04F79EFBC}") = "Core", "AppSeguridadCatalog_src\Core\Core.csproj", "{8B49DAEB-F5E2-4EE8-9F14-9B99C57DE515}"
EndProject
Project("{FAE04EC0-301F-11D3-BF4B-00C04F79EFBC}") = "Persistence", "AppSeguridadCatalog_src\Persistence\Persistence.csproj", "{A3A389FB-08DC-48A9-934D-80407BEA65E0}"
EndProject
Project("{FAE04EC0-301F-11D3-BF4B-00C04F79EFBC}") = "Externals", "AppSeguridadCatalog_src\Externals\Externals.csproj", "{B3DE5A0F-766F-4DDC-A3A9-94DB6FFD3C20}"
EndProject
Project("{FAE04EC0-301F-11D3-BF4B-00C04F79EFBC}") = "Api_SeguridadCatalog", "AppSeguridadCatalog_src\Api_SeguridadCatalog\Api_SeguridadCatalog.csproj", "{6C9E6A3C-FD1E-4D57-9797-5DD77E0CF050}"
EndProject
Global
	GlobalSection(SolutionConfigurationPlatforms) = preSolution
		Debug|Any CPU = Debug|Any CPU
		Release|Any CPU = Release|Any CPU
	EndGlobalSection
	GlobalSection(ProjectConfigurationPlatforms) = postSolution
		{85154B61-1949-4045-A3D0-AF11CE67256F}.Debug|Any CPU.ActiveCfg = Debug|Any CPU
		{85154B61-1949-4045-A3D0-AF11CE67256F}.Debug|Any CPU.Build.0 = Debug|Any CPU
		{85154B61-1949-4045-A3D0-AF11CE67256F}.Release|Any CPU.ActiveCfg = Release|Any CPU
		{85154B61-1949-4045-A3D0-AF11CE67256F}.Release|Any CPU.Build.0 = Release|Any CPU
		{EA70BFB5-E622-4225-B63D-824C457FDE2A}.Debug|Any CPU.ActiveCfg = Debug|Any CPU
		{EA70BFB5-E622-4225-B63D-824C457FDE2A}.Debug|Any CPU.Build.0 = Debug|Any CPU
		{EA70BFB5-E622-4225-B63D-824C457FDE2A}.Release|Any CPU.ActiveCfg = Release|Any CPU
		{EA70BFB5-E622-4225-B63D-824C457FDE2A}.Release|Any CPU.Build.0 = Release|Any CPU
		{F52D1C3D-A4EB-4BC6-AA14-B1812856C630}.Debug|Any CPU.ActiveCfg = Debug|Any CPU
		{F52D1C3D-A4EB-4BC6-AA14-B1812856C630}.Debug|Any CPU.Build.0 = Debug|Any CPU
		{F52D1C3D-A4EB-4BC6-AA14-B1812856C630}.Release|Any CPU.ActiveCfg = Release|Any CPU
		{F52D1C3D-A4EB-4BC6-AA14-B1812856C630}.Release|Any CPU.Build.0 = Release|Any CPU
		{D311E71F-B041-40A1-BF37-D920A65A7C46}.Debug|Any CPU.ActiveCfg = Debug|Any CPU
		{D311E71F-B041-40A1-BF37-D920A65A7C46}.Debug|Any CPU.Build.0 = Debug|Any CPU
		{D311E71F-B041-40A1-BF37-D920A65A7C46}.Release|Any CPU.ActiveCfg = Release|Any CPU
		{D311E71F-B041-40A1-BF37-D920A65A7C46}.Release|Any CPU.Build.0 = Release|Any CPU
		{0713ED86-C72D-41E0-A1F4-33D65E44556E}.Debug|Any CPU.ActiveCfg = Debug|Any CPU
		{0713ED86-C72D-41E0-A1F4-33D65E44556E}.Debug|Any CPU.Build.0 = Debug|Any CPU
		{0713ED86-C72D-41E0-A1F4-33D65E44556E}.Release|Any CPU.ActiveCfg = Release|Any CPU
		{0713ED86-C72D-41E0-A1F4-33D65E44556E}.Release|Any CPU.Build.0 = Release|Any CPU
		{F66E912F-60A0-4B46-A532-272FB9553F06}.Debug|Any CPU.ActiveCfg = Debug|Any CPU
		{F66E912F-60A0-4B46-A532-272FB9553F06}.Debug|Any CPU.Build.0 = Debug|Any CPU
		{F66E912F-60A0-4B46-A532-272FB9553F06}.Release|Any CPU.ActiveCfg = Release|Any CPU
		{F66E912F-60A0-4B46-A532-272FB9553F06}.Release|Any CPU.Build.0 = Release|Any CPU
		{7F2ED480-95B0-4FD1-A50F-74F2FF7B8037}.Debug|Any CPU.ActiveCfg = Debug|Any CPU
		{7F2ED480-95B0-4FD1-A50F-74F2FF7B8037}.Debug|Any CPU.Build.0 = Debug|Any CPU
		{7F2ED480-95B0-4FD1-A50F-74F2FF7B8037}.Release|Any CPU.ActiveCfg = Release|Any CPU
		{7F2ED480-95B0-4FD1-A50F-74F2FF7B8037}.Release|Any CPU.Build.0 = Release|Any CPU
		{006C68DF-C78B-41EE-B535-9CC35585C9A1}.Debug|Any CPU.ActiveCfg = Debug|Any CPU
		{006C68DF-C78B-41EE-B535-9CC35585C9A1}.Debug|Any CPU.Build.0 = Debug|Any CPU
		{006C68DF-C78B-41EE-B535-9CC35585C9A1}.Release|Any CPU.ActiveCfg = Release|Any CPU
		{006C68DF-C78B-41EE-B535-9CC35585C9A1}.Release|Any CPU.Build.0 = Release|Any CPU
		{08C4AD4F-A32D-4993-88BE-048146418F37}.Debug|Any CPU.ActiveCfg = Debug|Any CPU
		{08C4AD4F-A32D-4993-88BE-048146418F37}.Debug|Any CPU.Build.0 = Debug|Any CPU
		{08C4AD4F-A32D-4993-88BE-048146418F37}.Release|Any CPU.ActiveCfg = Release|Any CPU
		{08C4AD4F-A32D-4993-88BE-048146418F37}.Release|Any CPU.Build.0 = Release|Any CPU
		{C843DF82-94B9-4F69-B0A7-B9F43DF7C1C0}.Debug|Any CPU.ActiveCfg = Debug|Any CPU
		{C843DF82-94B9-4F69-B0A7-B9F43DF7C1C0}.Debug|Any CPU.Build.0 = Debug|Any CPU
		{C843DF82-94B9-4F69-B0A7-B9F43DF7C1C0}.Release|Any CPU.ActiveCfg = Release|Any CPU
		{C843DF82-94B9-4F69-B0A7-B9F43DF7C1C0}.Release|Any CPU.Build.0 = Release|Any CPU
		{22AAD239-6571-49BF-A3C7-5799B437363B}.Debug|Any CPU.ActiveCfg = Debug|Any CPU
		{22AAD239-6571-49BF-A3C7-5799B437363B}.Debug|Any CPU.Build.0 = Debug|Any CPU
		{22AAD239-6571-49BF-A3C7-5799B437363B}.Release|Any CPU.ActiveCfg = Release|Any CPU
		{22AAD239-6571-49BF-A3C7-5799B437363B}.Release|Any CPU.Build.0 = Release|Any CPU
		{09EEA822-14DD-4F1F-A5C9-A9DB463B18FA}.Debug|Any CPU.ActiveCfg = Debug|Any CPU
		{09EEA822-14DD-4F1F-A5C9-A9DB463B18FA}.Debug|Any CPU.Build.0 = Debug|Any CPU
		{09EEA822-14DD-4F1F-A5C9-A9DB463B18FA}.Release|Any CPU.ActiveCfg = Release|Any CPU
		{09EEA822-14DD-4F1F-A5C9-A9DB463B18FA}.Release|Any CPU.Build.0 = Release|Any CPU
		{C75DF414-4D83-4406-9640-5C71099B04F0}.Debug|Any CPU.ActiveCfg = Debug|Any CPU
		{C75DF414-4D83-4406-9640-5C71099B04F0}.Debug|Any CPU.Build.0 = Debug|Any CPU
		{C75DF414-4D83-4406-9640-5C71099B04F0}.Release|Any CPU.ActiveCfg = Release|Any CPU
		{C75DF414-4D83-4406-9640-5C71099B04F0}.Release|Any CPU.Build.0 = Release|Any CPU
		{708C3599-BD95-4F20-87F4-2F0D4F6AA782}.Debug|Any CPU.ActiveCfg = Debug|Any CPU
		{708C3599-BD95-4F20-87F4-2F0D4F6AA782}.Debug|Any CPU.Build.0 = Debug|Any CPU
		{708C3599-BD95-4F20-87F4-2F0D4F6AA782}.Release|Any CPU.ActiveCfg = Release|Any CPU
		{708C3599-BD95-4F20-87F4-2F0D4F6AA782}.Release|Any CPU.Build.0 = Release|Any CPU
		{17EEE31E-5E28-4C2A-A3B3-87FD985BD399}.Debug|Any CPU.ActiveCfg = Debug|Any CPU
		{17EEE31E-5E28-4C2A-A3B3-87FD985BD399}.Debug|Any CPU.Build.0 = Debug|Any CPU
		{17EEE31E-5E28-4C2A-A3B3-87FD985BD399}.Release|Any CPU.ActiveCfg = Release|Any CPU
		{17EEE31E-5E28-4C2A-A3B3-87FD985BD399}.Release|Any CPU.Build.0 = Release|Any CPU
		{64EFC180-79C4-49C8-A8F3-8DEC185BE55C}.Debug|Any CPU.ActiveCfg = Debug|Any CPU
		{64EFC180-79C4-49C8-A8F3-8DEC185BE55C}.Debug|Any CPU.Build.0 = Debug|Any CPU
		{64EFC180-79C4-49C8-A8F3-8DEC185BE55C}.Release|Any CPU.ActiveCfg = Release|Any CPU
		{64EFC180-79C4-49C8-A8F3-8DEC185BE55C}.Release|Any CPU.Build.0 = Release|Any CPU
		{2EC44B3B-5099-4490-A617-2151B06281A2}.Debug|Any CPU.ActiveCfg = Debug|Any CPU
		{2EC44B3B-5099-4490-A617-2151B06281A2}.Debug|Any CPU.Build.0 = Debug|Any CPU
		{2EC44B3B-5099-4490-A617-2151B06281A2}.Release|Any CPU.ActiveCfg = Release|Any CPU
		{2EC44B3B-5099-4490-A617-2151B06281A2}.Release|Any CPU.Build.0 = Release|Any CPU
		{0577F023-E83B-4A92-989B-16452A3FBDE3}.Debug|Any CPU.ActiveCfg = Debug|Any CPU
		{0577F023-E83B-4A92-989B-16452A3FBDE3}.Debug|Any CPU.Build.0 = Debug|Any CPU
		{0577F023-E83B-4A92-989B-16452A3FBDE3}.Release|Any CPU.ActiveCfg = Release|Any CPU
		{0577F023-E83B-4A92-989B-16452A3FBDE3}.Release|Any CPU.Build.0 = Release|Any CPU
		{466D7266-A2EF-4C58-83A4-EBFD34A078BA}.Debug|Any CPU.ActiveCfg = Debug|Any CPU
		{466D7266-A2EF-4C58-83A4-EBFD34A078BA}.Debug|Any CPU.Build.0 = Debug|Any CPU
		{466D7266-A2EF-4C58-83A4-EBFD34A078BA}.Release|Any CPU.ActiveCfg = Release|Any CPU
		{466D7266-A2EF-4C58-83A4-EBFD34A078BA}.Release|Any CPU.Build.0 = Release|Any CPU
		{F08B2D0D-3A94-40EA-93F3-168F584C193D}.Debug|Any CPU.ActiveCfg = Debug|Any CPU
		{F08B2D0D-3A94-40EA-93F3-168F584C193D}.Debug|Any CPU.Build.0 = Debug|Any CPU
		{F08B2D0D-3A94-40EA-93F3-168F584C193D}.Release|Any CPU.ActiveCfg = Release|Any CPU
		{F08B2D0D-3A94-40EA-93F3-168F584C193D}.Release|Any CPU.Build.0 = Release|Any CPU
		{9BA6C823-168F-4BD7-8F93-785027168E43}.Debug|Any CPU.ActiveCfg = Debug|Any CPU
		{9BA6C823-168F-4BD7-8F93-785027168E43}.Debug|Any CPU.Build.0 = Debug|Any CPU
		{9BA6C823-168F-4BD7-8F93-785027168E43}.Release|Any CPU.ActiveCfg = Release|Any CPU
		{9BA6C823-168F-4BD7-8F93-785027168E43}.Release|Any CPU.Build.0 = Release|Any CPU
		{8B49DAEB-F5E2-4EE8-9F14-9B99C57DE515}.Debug|Any CPU.ActiveCfg = Debug|Any CPU
		{8B49DAEB-F5E2-4EE8-9F14-9B99C57DE515}.Debug|Any CPU.Build.0 = Debug|Any CPU
		{8B49DAEB-F5E2-4EE8-9F14-9B99C57DE515}.Release|Any CPU.ActiveCfg = Release|Any CPU
		{8B49DAEB-F5E2-4EE8-9F14-9B99C57DE515}.Release|Any CPU.Build.0 = Release|Any CPU
		{A3A389FB-08DC-48A9-934D-80407BEA65E0}.Debug|Any CPU.ActiveCfg = Debug|Any CPU
		{A3A389FB-08DC-48A9-934D-80407BEA65E0}.Debug|Any CPU.Build.0 = Debug|Any CPU
		{A3A389FB-08DC-48A9-934D-80407BEA65E0}.Release|Any CPU.ActiveCfg = Release|Any CPU
		{A3A389FB-08DC-48A9-934D-80407BEA65E0}.Release|Any CPU.Build.0 = Release|Any CPU
		{B3DE5A0F-766F-4DDC-A3A9-94DB6FFD3C20}.Debug|Any CPU.ActiveCfg = Debug|Any CPU
		{B3DE5A0F-766F-4DDC-A3A9-94DB6FFD3C20}.Debug|Any CPU.Build.0 = Debug|Any CPU
		{B3DE5A0F-766F-4DDC-A3A9-94DB6FFD3C20}.Release|Any CPU.ActiveCfg = Release|Any CPU
		{B3DE5A0F-766F-4DDC-A3A9-94DB6FFD3C20}.Release|Any CPU.Build.0 = Release|Any CPU
		{6C9E6A3C-FD1E-4D57-9797-5DD77E0CF050}.Debug|Any CPU.ActiveCfg = Debug|Any CPU
		{6C9E6A3C-FD1E-4D57-9797-5DD77E0CF050}.Debug|Any CPU.Build.0 = Debug|Any CPU
		{6C9E6A3C-FD1E-4D57-9797-5DD77E0CF050}.Release|Any CPU.ActiveCfg = Release|Any CPU
		{6C9E6A3C-FD1E-4D57-9797-5DD77E0CF050}.Release|Any CPU.Build.0 = Release|Any CPU
	EndGlobalSection
	GlobalSection(SolutionProperties) = preSolution
		HideSolutionNode = FALSE
	EndGlobalSection
	GlobalSection(NestedProjects) = preSolution
		{02EA681E-C7D8-13C7-8484-4AC65E1B71E8} = {C0EE27A1-A64A-4D40-ADE1-54AC266E3579}
		{5E56F8D5-BDE6-4EEF-BBAC-930DB16279FD} = {C0EE27A1-A64A-4D40-ADE1-54AC266E3579}
		{E48DD172-144F-43AB-A26F-5FEFA8343534} = {C0EE27A1-A64A-4D40-ADE1-54AC266E3579}
		{D0B27888-2218-4A58-9EF8-385602A5D566} = {C0EE27A1-A64A-4D40-ADE1-54AC266E3579}
		{62CE9925-43A5-42FB-9CF6-C2B5E9DDAEB6} = {C0EE27A1-A64A-4D40-ADE1-54AC266E3579}
		{85154B61-1949-4045-A3D0-AF11CE67256F} = {02EA681E-C7D8-13C7-8484-4AC65E1B71E8}
		{EA70BFB5-E622-4225-B63D-824C457FDE2A} = {5E56F8D5-BDE6-4EEF-BBAC-930DB16279FD}
		{F52D1C3D-A4EB-4BC6-AA14-B1812856C630} = {E48DD172-144F-43AB-A26F-5FEFA8343534}
		{D311E71F-B041-40A1-BF37-D920A65A7C46} = {D0B27888-2218-4A58-9EF8-385602A5D566}
		{0713ED86-C72D-41E0-A1F4-33D65E44556E} = {62CE9925-43A5-42FB-9CF6-C2B5E9DDAEB6}
		{C8892C3A-5BC8-46F0-B1C4-1F0D47481DCB} = {ACB306A6-B2AF-4AD4-B6F8-7EF4A66E272F}
		{274048F6-0337-404E-8411-C38C88AF4738} = {ACB306A6-B2AF-4AD4-B6F8-7EF4A66E272F}
		{817DB574-9E92-4798-A5FC-C7EA62FA2B40} = {ACB306A6-B2AF-4AD4-B6F8-7EF4A66E272F}
		{98BAA2B8-B7C5-4FA7-A59D-F7BA33D0CF90} = {ACB306A6-B2AF-4AD4-B6F8-7EF4A66E272F}
		{10578678-D545-480F-8603-9C0B1E2B972F} = {ACB306A6-B2AF-4AD4-B6F8-7EF4A66E272F}
		{F66E912F-60A0-4B46-A532-272FB9553F06} = {C8892C3A-5BC8-46F0-B1C4-1F0D47481DCB}
		{7F2ED480-95B0-4FD1-A50F-74F2FF7B8037} = {274048F6-0337-404E-8411-C38C88AF4738}
		{006C68DF-C78B-41EE-B535-9CC35585C9A1} = {817DB574-9E92-4798-A5FC-C7EA62FA2B40}
		{08C4AD4F-A32D-4993-88BE-048146418F37} = {98BAA2B8-B7C5-4FA7-A59D-F7BA33D0CF90}
		{C843DF82-94B9-4F69-B0A7-B9F43DF7C1C0} = {10578678-D545-480F-8603-9C0B1E2B972F}
		{6BBB0115-D02C-44AF-82AE-3FAB9F824F1C} = {4F2DFC10-CFD5-44D7-84BB-65036781F198}
		{D63D1F9E-E108-47CD-9DF6-8531CBEDF418} = {4F2DFC10-CFD5-44D7-84BB-65036781F198}
		{5BAD7B3C-D4EC-4050-970D-361E9E9A2014} = {4F2DFC10-CFD5-44D7-84BB-65036781F198}
		{D8B0293E-A1CF-48BE-AB7F-642A7E7A0256} = {4F2DFC10-CFD5-44D7-84BB-65036781F198}
		{E1A90833-B086-4A77-A99B-073DBD3B977D} = {4F2DFC10-CFD5-44D7-84BB-65036781F198}
		{1CF56C1A-A31F-4DA0-A250-D79DDD3ABAD0} = {CE69B302-7C75-4B27-98B8-5D5FF63CDF4D}
		{658F3878-3BD0-4FD7-9167-352A65E1EEA1} = {CE69B302-7C75-4B27-98B8-5D5FF63CDF4D}
		{45BF7B70-6F73-4F22-A54E-EDBD16B58381} = {CE69B302-7C75-4B27-98B8-5D5FF63CDF4D}
		{24747737-13F4-4024-80B8-06F810A60E59} = {CE69B302-7C75-4B27-98B8-5D5FF63CDF4D}
		{C0D3114C-07C4-4186-AD3B-9423671BB1E0} = {CE69B302-7C75-4B27-98B8-5D5FF63CDF4D}
		{F02DA717-A9AB-417B-AF2F-BD16FF69F1A3} = {AC8A7E2F-B5C5-4530-9389-D0B48A4679D5}
		{139B0E7B-F802-4588-940E-F6E09805FF5B} = {AC8A7E2F-B5C5-4530-9389-D0B48A4679D5}
		{286E7309-4EFD-469D-8143-B2F4183353E7} = {AC8A7E2F-B5C5-4530-9389-D0B48A4679D5}
		{0E36B757-C8DC-49D1-A5A9-03634C7AFFAD} = {AC8A7E2F-B5C5-4530-9389-D0B48A4679D5}
		{836D5840-10D1-4DAE-BF94-780CE79665BA} = {AC8A7E2F-B5C5-4530-9389-D0B48A4679D5}
		{22AAD239-6571-49BF-A3C7-5799B437363B} = {6BBB0115-D02C-44AF-82AE-3FAB9F824F1C}
		{09EEA822-14DD-4F1F-A5C9-A9DB463B18FA} = {D63D1F9E-E108-47CD-9DF6-8531CBEDF418}
		{C75DF414-4D83-4406-9640-5C71099B04F0} = {5BAD7B3C-D4EC-4050-970D-361E9E9A2014}
		{708C3599-BD95-4F20-87F4-2F0D4F6AA782} = {D8B0293E-A1CF-48BE-AB7F-642A7E7A0256}
		{17EEE31E-5E28-4C2A-A3B3-87FD985BD399} = {E1A90833-B086-4A77-A99B-073DBD3B977D}
		{64EFC180-79C4-49C8-A8F3-8DEC185BE55C} = {1CF56C1A-A31F-4DA0-A250-D79DDD3ABAD0}
		{2EC44B3B-5099-4490-A617-2151B06281A2} = {658F3878-3BD0-4FD7-9167-352A65E1EEA1}
		{0577F023-E83B-4A92-989B-16452A3FBDE3} = {45BF7B70-6F73-4F22-A54E-EDBD16B58381}
		{466D7266-A2EF-4C58-83A4-EBFD34A078BA} = {24747737-13F4-4024-80B8-06F810A60E59}
		{F08B2D0D-3A94-40EA-93F3-168F584C193D} = {C0D3114C-07C4-4186-AD3B-9423671BB1E0}
		{9BA6C823-168F-4BD7-8F93-785027168E43} = {F02DA717-A9AB-417B-AF2F-BD16FF69F1A3}
		{8B49DAEB-F5E2-4EE8-9F14-9B99C57DE515} = {139B0E7B-F802-4588-940E-F6E09805FF5B}
		{A3A389FB-08DC-48A9-934D-80407BEA65E0} = {286E7309-4EFD-469D-8143-B2F4183353E7}
		{B3DE5A0F-766F-4DDC-A3A9-94DB6FFD3C20} = {0E36B757-C8DC-49D1-A5A9-03634C7AFFAD}
		{6C9E6A3C-FD1E-4D57-9797-5DD77E0CF050} = {836D5840-10D1-4DAE-BF94-780CE79665BA}
	EndGlobalSection
	GlobalSection(ExtensibilityGlobals) = postSolution
		SolutionGuid = {E0B47BB8-F749-4776-AF4B-B57F9583EBDF}
	EndGlobalSection
EndGlobal
